
Microsoft Visual Studio Solution File, Format Version 12.00
# Visual Studio 14
VisualStudioVersion = 14.0.24720.0
MinimumVisualStudioVersion = 10.0.40219.1
Project("{FAE04EC0-301F-11D3-BF4B-00C04F79EFBC}") = "NetDimension.OpenAuth", "NetDimension.OpenAuth\NetDimension.OpenAuth.csproj", "{38B68338-7FC0-4AB7-B8A7-674E0BCBF899}"
EndProject
Project("{FAE04EC0-301F-11D3-BF4B-00C04F79EFBC}") = "NetDimension.OpenAuth.Sina", "NetDimension.OpenAuth.Sina\NetDimension.OpenAuth.Sina.csproj", "{76FC909D-BDA2-4FCE-9B9F-B503A13DF44F}"
EndProject
Project("{FAE04EC0-301F-11D3-BF4B-00C04F79EFBC}") = "NetDimension.OpenAuth.Tencent", "NetDimension.OpenAuth.Tencent\NetDimension.OpenAuth.Tencent.csproj", "{DF5550C5-B4E3-4697-87B7-F6182DBFBC6F}"
EndProject
Project("{2150E333-8FDC-42A3-9474-1A3956D46DE8}") = ".nuget", ".nuget", "{8664F01B-C592-4E8D-BD64-42B8DBBEFE5B}"
	ProjectSection(SolutionItems) = preProject
		.nuget\NuGet.Config = .nuget\NuGet.Config
		.nuget\NuGet.exe = .nuget\NuGet.exe
		.nuget\NuGet.targets = .nuget\NuGet.targets
	EndProjectSection
EndProject
Project("{FAE04EC0-301F-11D3-BF4B-00C04F79EFBC}") = "ConsoleDemo", "ConsoleDemo\ConsoleDemo.csproj", "{DC434F36-8A91-48A7-BF76-BE72FFDF0C71}"
EndProject
Project("{FAE04EC0-301F-11D3-BF4B-00C04F79EFBC}") = "NetDimension.OpenAuth.Winform", "NetDimension.OpenAuth.Winform\NetDimension.OpenAuth.Winform.csproj", "{0D1F893B-AF94-4E52-B972-A5D40E1DB670}"
EndProject
Project("{FAE04EC0-301F-11D3-BF4B-00C04F79EFBC}") = "WinformDemo", "WinformDemo\WinformDemo.csproj", "{5D818E92-52D8-4643-B6BC-23AAD790B311}"
EndProject
Project("{FAE04EC0-301F-11D3-BF4B-00C04F79EFBC}") = "MvcDemo", "MvcDemo\MvcDemo.csproj", "{C4F823E1-D35F-4B93-9AB8-B2D9D64C15FD}"
EndProject
Project("{2150E333-8FDC-42A3-9474-1A3956D46DE8}") = "git", "git", "{02324A68-AE36-4843-9473-C1EAC6C3EDDB}"
	ProjectSection(SolutionItems) = preProject
		LICENSE = LICENSE
		README.md = README.md
	EndProjectSection
EndProject
Global
	GlobalSection(SolutionConfigurationPlatforms) = preSolution
		Debug|Any CPU = Debug|Any CPU
		Release|Any CPU = Release|Any CPU
	EndGlobalSection
	GlobalSection(ProjectConfigurationPlatforms) = postSolution
		{38B68338-7FC0-4AB7-B8A7-674E0BCBF899}.Debug|Any CPU.ActiveCfg = Debug|Any CPU
		{38B68338-7FC0-4AB7-B8A7-674E0BCBF899}.Debug|Any CPU.Build.0 = Debug|Any CPU
		{38B68338-7FC0-4AB7-B8A7-674E0BCBF899}.Release|Any CPU.ActiveCfg = Release|Any CPU
		{38B68338-7FC0-4AB7-B8A7-674E0BCBF899}.Release|Any CPU.Build.0 = Release|Any CPU
		{76FC909D-BDA2-4FCE-9B9F-B503A13DF44F}.Debug|Any CPU.ActiveCfg = Debug|Any CPU
		{76FC909D-BDA2-4FCE-9B9F-B503A13DF44F}.Debug|Any CPU.Build.0 = Debug|Any CPU
		{76FC909D-BDA2-4FCE-9B9F-B503A13DF44F}.Release|Any CPU.ActiveCfg = Release|Any CPU
		{76FC909D-BDA2-4FCE-9B9F-B503A13DF44F}.Release|Any CPU.Build.0 = Release|Any CPU
		{DF5550C5-B4E3-4697-87B7-F6182DBFBC6F}.Debug|Any CPU.ActiveCfg = Debug|Any CPU
		{DF5550C5-B4E3-4697-87B7-F6182DBFBC6F}.Debug|Any CPU.Build.0 = Debug|Any CPU
		{DF5550C5-B4E3-4697-87B7-F6182DBFBC6F}.Release|Any CPU.ActiveCfg = Release|Any CPU
		{DF5550C5-B4E3-4697-87B7-F6182DBFBC6F}.Release|Any CPU.Build.0 = Release|Any CPU
		{DC434F36-8A91-48A7-BF76-BE72FFDF0C71}.Debug|Any CPU.ActiveCfg = Debug|Any CPU
		{DC434F36-8A91-48A7-BF76-BE72FFDF0C71}.Debug|Any CPU.Build.0 = Debug|Any CPU
		{DC434F36-8A91-48A7-BF76-BE72FFDF0C71}.Release|Any CPU.ActiveCfg = Release|Any CPU
		{DC434F36-8A91-48A7-BF76-BE72FFDF0C71}.Release|Any CPU.Build.0 = Release|Any CPU
		{0D1F893B-AF94-4E52-B972-A5D40E1DB670}.Debug|Any CPU.ActiveCfg = Debug|Any CPU
		{0D1F893B-AF94-4E52-B972-A5D40E1DB670}.Debug|Any CPU.Build.0 = Debug|Any CPU
		{0D1F893B-AF94-4E52-B972-A5D40E1DB670}.Release|Any CPU.ActiveCfg = Release|Any CPU
		{0D1F893B-AF94-4E52-B972-A5D40E1DB670}.Release|Any CPU.Build.0 = Release|Any CPU
		{5D818E92-52D8-4643-B6BC-23AAD790B311}.Debug|Any CPU.ActiveCfg = Debug|Any CPU
		{5D818E92-52D8-4643-B6BC-23AAD790B311}.Debug|Any CPU.Build.0 = Debug|Any CPU
		{5D818E92-52D8-4643-B6BC-23AAD790B311}.Release|Any CPU.ActiveCfg = Release|Any CPU
		{5D818E92-52D8-4643-B6BC-23AAD790B311}.Release|Any CPU.Build.0 = Release|Any CPU
		{C4F823E1-D35F-4B93-9AB8-B2D9D64C15FD}.Debug|Any CPU.ActiveCfg = Debug|Any CPU
		{C4F823E1-D35F-4B93-9AB8-B2D9D64C15FD}.Debug|Any CPU.Build.0 = Debug|Any CPU
		{C4F823E1-D35F-4B93-9AB8-B2D9D64C15FD}.Release|Any CPU.ActiveCfg = Release|Any CPU
		{C4F823E1-D35F-4B93-9AB8-B2D9D64C15FD}.Release|Any CPU.Build.0 = Release|Any CPU
	EndGlobalSection
	GlobalSection(SolutionProperties) = preSolution
		HideSolutionNode = FALSE
	EndGlobalSection
EndGlobal
